
Microsoft Visual Studio Solution File, Format Version 12.00
# Visual Studio Version 16
VisualStudioVersion = 16.0.30804.86
MinimumVisualStudioVersion = 10.0.40219.1
Project("{9A19103F-16F7-4668-BE54-9A1E7A4F7556}") = "DataAccess", "DataAccess\DataAccess.csproj", "{1B6FC502-4B2E-4DF7-9F81-0CEEC8ED2F6F}"
EndProject
Project("{9A19103F-16F7-4668-BE54-9A1E7A4F7556}") = "Business", "Business\Business.csproj", "{00C2178D-4CD0-49B5-9AA1-388B56A5CE9C}"
EndProject
Project("{9A19103F-16F7-4668-BE54-9A1E7A4F7556}") = "Entities", "Entities\Entities.csproj", "{5BD497F1-4346-4F39-89A0-F90ABF31305A}"
EndProject
Project("{9A19103F-16F7-4668-BE54-9A1E7A4F7556}") = "ConsoleUI", "ConsoleUI\ConsoleUI.csproj", "{A52BC46F-3DE2-4209-A793-84C9C2A0982A}"
EndProject
Project("{FAE04EC0-301F-11D3-BF4B-00C04F79EFBC}") = "Core", "Core\Core.csproj", "{2A44DD74-7F29-4A26-B78D-8F1B37F3D927}"
EndProject
Global
	GlobalSection(SolutionConfigurationPlatforms) = preSolution
		Debug|Any CPU = Debug|Any CPU
		Release|Any CPU = Release|Any CPU
	EndGlobalSection
	GlobalSection(ProjectConfigurationPlatforms) = postSolution
		{1B6FC502-4B2E-4DF7-9F81-0CEEC8ED2F6F}.Debug|Any CPU.ActiveCfg = Debug|Any CPU
		{1B6FC502-4B2E-4DF7-9F81-0CEEC8ED2F6F}.Debug|Any CPU.Build.0 = Debug|Any CPU
		{1B6FC502-4B2E-4DF7-9F81-0CEEC8ED2F6F}.Release|Any CPU.ActiveCfg = Release|Any CPU
		{1B6FC502-4B2E-4DF7-9F81-0CEEC8ED2F6F}.Release|Any CPU.Build.0 = Release|Any CPU
		{00C2178D-4CD0-49B5-9AA1-388B56A5CE9C}.Debug|Any CPU.ActiveCfg = Debug|Any CPU
		{00C2178D-4CD0-49B5-9AA1-388B56A5CE9C}.Debug|Any CPU.Build.0 = Debug|Any CPU
		{00C2178D-4CD0-49B5-9AA1-388B56A5CE9C}.Release|Any CPU.ActiveCfg = Release|Any CPU
		{00C2178D-4CD0-49B5-9AA1-388B56A5CE9C}.Release|Any CPU.Build.0 = Release|Any CPU
		{5BD497F1-4346-4F39-89A0-F90ABF31305A}.Debug|Any CPU.ActiveCfg = Debug|Any CPU
		{5BD497F1-4346-4F39-89A0-F90ABF31305A}.Debug|Any CPU.Build.0 = Debug|Any CPU
		{5BD497F1-4346-4F39-89A0-F90ABF31305A}.Release|Any CPU.ActiveCfg = Release|Any CPU
		{5BD497F1-4346-4F39-89A0-F90ABF31305A}.Release|Any CPU.Build.0 = Release|Any CPU
		{A52BC46F-3DE2-4209-A793-84C9C2A0982A}.Debug|Any CPU.ActiveCfg = Debug|Any CPU
		{A52BC46F-3DE2-4209-A793-84C9C2A0982A}.Debug|Any CPU.Build.0 = Debug|Any CPU
		{A52BC46F-3DE2-4209-A793-84C9C2A0982A}.Release|Any CPU.ActiveCfg = Release|Any CPU
		{A52BC46F-3DE2-4209-A793-84C9C2A0982A}.Release|Any CPU.Build.0 = Release|Any CPU
		{2A44DD74-7F29-4A26-B78D-8F1B37F3D927}.Debug|Any CPU.ActiveCfg = Debug|Any CPU
		{2A44DD74-7F29-4A26-B78D-8F1B37F3D927}.Debug|Any CPU.Build.0 = Debug|Any CPU
		{2A44DD74-7F29-4A26-B78D-8F1B37F3D927}.Release|Any CPU.ActiveCfg = Release|Any CPU
		{2A44DD74-7F29-4A26-B78D-8F1B37F3D927}.Release|Any CPU.Build.0 = Release|Any CPU
	EndGlobalSection
	GlobalSection(SolutionProperties) = preSolution
		HideSolutionNode = FALSE
	EndGlobalSection
	GlobalSection(ExtensibilityGlobals) = postSolution
		SolutionGuid = {F374F300-5307-40BC-AD7C-0ADCB9A3442A}
	EndGlobalSection
EndGlobal
